
Microsoft Visual Studio Solution File, Format Version 12.00
# Visual Studio Version 16
VisualStudioVersion = 16.0.31911.196
MinimumVisualStudioVersion = 10.0.40219.1
Project("{2150E333-8FDC-42A3-9474-1A3956D46DE8}") = "src", "src", "{3F8CE64B-BF4B-45F7-9D89-0A3578C7304E}"
EndProject
Project("{2150E333-8FDC-42A3-9474-1A3956D46DE8}") = "tests", "tests", "{190D1717-9630-4B56-A189-23EDC5F78E51}"
EndProject
Project("{FAE04EC0-301F-11D3-BF4B-00C04F79EFBC}") = "DesignPattern.strategy", "src\DesignPattern.strategy\DesignPattern.strategy.csproj", "{331252F3-1216-464B-892B-1A0A86EA96CD}"
EndProject
Global
	GlobalSection(SolutionConfigurationPlatforms) = preSolution
		Debug|Any CPU = Debug|Any CPU
		Release|Any CPU = Release|Any CPU
	EndGlobalSection
	GlobalSection(ProjectConfigurationPlatforms) = postSolution
		{331252F3-1216-464B-892B-1A0A86EA96CD}.Debug|Any CPU.ActiveCfg = Debug|Any CPU
		{331252F3-1216-464B-892B-1A0A86EA96CD}.Debug|Any CPU.Build.0 = Debug|Any CPU
		{331252F3-1216-464B-892B-1A0A86EA96CD}.Release|Any CPU.ActiveCfg = Release|Any CPU
		{331252F3-1216-464B-892B-1A0A86EA96CD}.Release|Any CPU.Build.0 = Release|Any CPU
	EndGlobalSection
	GlobalSection(SolutionProperties) = preSolution
		HideSolutionNode = FALSE
	EndGlobalSection
	GlobalSection(NestedProjects) = preSolution
		{331252F3-1216-464B-892B-1A0A86EA96CD} = {3F8CE64B-BF4B-45F7-9D89-0A3578C7304E}
	EndGlobalSection
	GlobalSection(ExtensibilityGlobals) = postSolution
		SolutionGuid = {77429514-616E-4529-B85A-167245490C52}
	EndGlobalSection
EndGlobal
